
Microsoft Visual Studio Solution File, Format Version 12.00
# Visual Studio Version 17
VisualStudioVersion = 17.9.34723.18
MinimumVisualStudioVersion = 10.0.40219.1
Project("{FAE04EC0-301F-11D3-BF4B-00C04F79EFBC}") = "ejerciciopalindromo", "ejerciciopalindromo\ejerciciopalindromo.csproj", "{1733D0DD-FACA-4E29-897A-2B9B56295314}"
EndProject
Global
	GlobalSection(SolutionConfigurationPlatforms) = preSolution
		Debug|Any CPU = Debug|Any CPU
		Release|Any CPU = Release|Any CPU
	EndGlobalSection
	GlobalSection(ProjectConfigurationPlatforms) = postSolution
		{1733D0DD-FACA-4E29-897A-2B9B56295314}.Debug|Any CPU.ActiveCfg = Debug|Any CPU
		{1733D0DD-FACA-4E29-897A-2B9B56295314}.Debug|Any CPU.Build.0 = Debug|Any CPU
		{1733D0DD-FACA-4E29-897A-2B9B56295314}.Release|Any CPU.ActiveCfg = Release|Any CPU
		{1733D0DD-FACA-4E29-897A-2B9B56295314}.Release|Any CPU.Build.0 = Release|Any CPU
	EndGlobalSection
	GlobalSection(SolutionProperties) = preSolution
		HideSolutionNode = FALSE
	EndGlobalSection
	GlobalSection(ExtensibilityGlobals) = postSolution
		SolutionGuid = {7DFF0828-03A4-4A0C-B6C3-F032B7B7F27A}
	EndGlobalSection
EndGlobal
